
Microsoft Visual Studio Solution File, Format Version 12.00
# Visual Studio Version 16
VisualStudioVersion = 16.0.30907.101
MinimumVisualStudioVersion = 10.0.40219.1
Project("{FAE04EC0-301F-11D3-BF4B-00C04F79EFBC}") = "GrpcServer", "GrpcServer\GrpcServer.csproj", "{3BCEA249-EDC8-4261-9AF1-E0C4A5B311B8}"
EndProject
Project("{FAE04EC0-301F-11D3-BF4B-00C04F79EFBC}") = "GrpcClient", "GrpcClient\GrpcClient.csproj", "{1A3DA9B5-323E-470E-95FE-131AA84C151E}"
EndProject
Global
	GlobalSection(SolutionConfigurationPlatforms) = preSolution
		Debug|Any CPU = Debug|Any CPU
		Release|Any CPU = Release|Any CPU
	EndGlobalSection
	GlobalSection(ProjectConfigurationPlatforms) = postSolution
		{3BCEA249-EDC8-4261-9AF1-E0C4A5B311B8}.Debug|Any CPU.ActiveCfg = Debug|Any CPU
		{3BCEA249-EDC8-4261-9AF1-E0C4A5B311B8}.Debug|Any CPU.Build.0 = Debug|Any CPU
		{3BCEA249-EDC8-4261-9AF1-E0C4A5B311B8}.Release|Any CPU.ActiveCfg = Release|Any CPU
		{3BCEA249-EDC8-4261-9AF1-E0C4A5B311B8}.Release|Any CPU.Build.0 = Release|Any CPU
		{1A3DA9B5-323E-470E-95FE-131AA84C151E}.Debug|Any CPU.ActiveCfg = Debug|Any CPU
		{1A3DA9B5-323E-470E-95FE-131AA84C151E}.Debug|Any CPU.Build.0 = Debug|Any CPU
		{1A3DA9B5-323E-470E-95FE-131AA84C151E}.Release|Any CPU.ActiveCfg = Release|Any CPU
		{1A3DA9B5-323E-470E-95FE-131AA84C151E}.Release|Any CPU.Build.0 = Release|Any CPU
	EndGlobalSection
	GlobalSection(SolutionProperties) = preSolution
		HideSolutionNode = FALSE
	EndGlobalSection
	GlobalSection(ExtensibilityGlobals) = postSolution
		SolutionGuid = {8DD68BAC-E116-4CED-AA71-3AC3D4D27A2B}
	EndGlobalSection
EndGlobal
